
Microsoft Visual Studio Solution File, Format Version 12.00
# Visual Studio 15
VisualStudioVersion = 15.0.27130.2036
MinimumVisualStudioVersion = 10.0.40219.1
Project("{9A19103F-16F7-4668-BE54-9A1E7A4F7556}") = "AnalyzersTests", "AnalyzersTests\AnalyzersTests.csproj", "{E333B107-366A-43E9-BB9F-A29DD5E1F10D}"
EndProject
Project("{9A19103F-16F7-4668-BE54-9A1E7A4F7556}") = "RefactoringsTests", "RefactoringsTests\RefactoringsTests.csproj", "{6A91F900-4DDB-4341-9D8B-B1B65C6A5536}"
EndProject
Project("{9A19103F-16F7-4668-BE54-9A1E7A4F7556}") = "CodeFixesTests", "CodeFixesTests\CodeFixesTests.csproj", "{73C0BB00-F170-44A1-AB72-008E29F8D34A}"
EndProject
Project("{9A19103F-16F7-4668-BE54-9A1E7A4F7556}") = "Tests", "Tests\Tests.csproj", "{6E6106A6-D2BD-4C72-BC8A-5EB37C5A2E42}"
EndProject
Project("{2150E333-8FDC-42A3-9474-1A3956D46DE8}") = "Solution Items", "Solution Items", "{091558A3-9797-4101-A761-6D1AC70F6BE5}"
	ProjectSection(SolutionItems) = preProject
		AnalyzersTests.ruleset = AnalyzersTests.ruleset
		CodeFixesTests.ruleset = CodeFixesTests.ruleset
		RefactoringsTests.ruleset = RefactoringsTests.ruleset
		Tests.ruleset = Tests.ruleset
	EndProjectSection
EndProject
Global
	GlobalSection(SolutionConfigurationPlatforms) = preSolution
		Debug|Any CPU = Debug|Any CPU
		Release|Any CPU = Release|Any CPU
	EndGlobalSection
	GlobalSection(ProjectConfigurationPlatforms) = postSolution
		{E333B107-366A-43E9-BB9F-A29DD5E1F10D}.Debug|Any CPU.ActiveCfg = Debug|Any CPU
		{E333B107-366A-43E9-BB9F-A29DD5E1F10D}.Debug|Any CPU.Build.0 = Debug|Any CPU
		{E333B107-366A-43E9-BB9F-A29DD5E1F10D}.Release|Any CPU.ActiveCfg = Release|Any CPU
		{E333B107-366A-43E9-BB9F-A29DD5E1F10D}.Release|Any CPU.Build.0 = Release|Any CPU
		{6A91F900-4DDB-4341-9D8B-B1B65C6A5536}.Debug|Any CPU.ActiveCfg = Debug|Any CPU
		{6A91F900-4DDB-4341-9D8B-B1B65C6A5536}.Debug|Any CPU.Build.0 = Debug|Any CPU
		{6A91F900-4DDB-4341-9D8B-B1B65C6A5536}.Release|Any CPU.ActiveCfg = Release|Any CPU
		{6A91F900-4DDB-4341-9D8B-B1B65C6A5536}.Release|Any CPU.Build.0 = Release|Any CPU
		{73C0BB00-F170-44A1-AB72-008E29F8D34A}.Debug|Any CPU.ActiveCfg = Debug|Any CPU
		{73C0BB00-F170-44A1-AB72-008E29F8D34A}.Debug|Any CPU.Build.0 = Debug|Any CPU
		{73C0BB00-F170-44A1-AB72-008E29F8D34A}.Release|Any CPU.ActiveCfg = Release|Any CPU
		{73C0BB00-F170-44A1-AB72-008E29F8D34A}.Release|Any CPU.Build.0 = Release|Any CPU
		{6E6106A6-D2BD-4C72-BC8A-5EB37C5A2E42}.Debug|Any CPU.ActiveCfg = Debug|Any CPU
		{6E6106A6-D2BD-4C72-BC8A-5EB37C5A2E42}.Debug|Any CPU.Build.0 = Debug|Any CPU
		{6E6106A6-D2BD-4C72-BC8A-5EB37C5A2E42}.Release|Any CPU.ActiveCfg = Release|Any CPU
		{6E6106A6-D2BD-4C72-BC8A-5EB37C5A2E42}.Release|Any CPU.Build.0 = Release|Any CPU
	EndGlobalSection
	GlobalSection(SolutionProperties) = preSolution
		HideSolutionNode = FALSE
	EndGlobalSection
	GlobalSection(ExtensibilityGlobals) = postSolution
		SolutionGuid = {1E4071B8-919C-44AC-AFA4-05A92978A166}
	EndGlobalSection
EndGlobal
