Microsoft Visual Studio Solution File, Format Version 12.00
# Visual Studio 15
VisualStudioVersion = 15.0.27130.2036
MinimumVisualStudioVersion = 10.0.40219.1
Project("{2150E333-8FDC-42A3-9474-1A3956D46DE8}") = "Solution Items", "Solution Items", "{228E25E1-FDE6-40C1-98AF-8E636D174D94}"
	ProjectSection(SolutionItems) = preProject
		..\global.ruleset = ..\global.ruleset
	EndProjectSection
EndProject
Project("{9A19103F-16F7-4668-BE54-9A1E7A4F7556}") = "CSharp", "..\CSharp\CSharp.csproj", "{34A3E42E-2254-4EE7-A152-EEDB18E3D7E3}"
EndProject
Project("{9A19103F-16F7-4668-BE54-9A1E7A4F7556}") = "Refactorings", "..\Refactorings\Refactorings.csproj", "{3AD7B124-7B99-440D-84A1-858BE5AE268B}"
EndProject
Project("{9A19103F-16F7-4668-BE54-9A1E7A4F7556}") = "Analyzers", "..\Analyzers\Analyzers.csproj", "{2F2B32B2-31D8-4D52-A05F-0D909BD07EBE}"
EndProject
Project("{9A19103F-16F7-4668-BE54-9A1E7A4F7556}") = "Common", "..\Common\Common.csproj", "{814C7BD5-F7FA-441D-897F-F7876B038B30}"
EndProject
Project("{9A19103F-16F7-4668-BE54-9A1E7A4F7556}") = "CodeFixes", "..\CodeFixes\CodeFixes.csproj", "{9C9EF15B-2CB0-485E-BB48-90F670F6A3D8}"
EndProject
Project("{9A19103F-16F7-4668-BE54-9A1E7A4F7556}") = "CSharp.Workspaces", "..\CSharp.Workspaces\CSharp.Workspaces.csproj", "{56DA29A3-C179-471C-9941-42426EEB84D0}"
EndProject
Project("{9A19103F-16F7-4668-BE54-9A1E7A4F7556}") = "Tests.TestLibrary", "Tests.TestLibrary\Tests.TestLibrary.csproj", "{B26059E8-E5D8-415F-AF7C-210750DB4CB0}"
EndProject
Project("{9A19103F-16F7-4668-BE54-9A1E7A4F7556}") = "Tests.TestConsole", "Tests.TestConsole\Tests.TestConsole.csproj", "{09B4373A-8AA6-48CF-804C-E209CC12BC5C}"
EndProject
Project("{9A19103F-16F7-4668-BE54-9A1E7A4F7556}") = "Common.Workspaces", "..\Common.Workspaces\Common.Workspaces.csproj", "{D6B3FAF2-C92D-4B2D-82DF-D6B3DD7F4107}"
EndProject
Project("{9A19103F-16F7-4668-BE54-9A1E7A4F7556}") = "Analyzers.CodeFixes", "..\Analyzers.CodeFixes\Analyzers.CodeFixes.csproj", "{3B0653F4-919D-4049-84A8-B1CC173415D7}"
EndProject
Project("{9A19103F-16F7-4668-BE54-9A1E7A4F7556}") = "Analyzers.Tests", "Analyzers.Tests\Analyzers.Tests.csproj", "{6472154E-A2AD-45DC-9656-DFB5D3D09AAB}"
EndProject
Project("{2150E333-8FDC-42A3-9474-1A3956D46DE8}") = "Test", "Test", "{A1DB0C05-3710-4B69-955F-2F46E330591B}"
EndProject
Project("{9A19103F-16F7-4668-BE54-9A1E7A4F7556}") = "Refactorings.Tests", "Refactorings.Tests\Refactorings.Tests.csproj", "{B2E65325-8B4A-46D1-9726-0B1AF9BF26EC}"
EndProject
Project("{9A19103F-16F7-4668-BE54-9A1E7A4F7556}") = "CodeFixes.Tests", "CodeFixes.Tests\CodeFixes.Tests.csproj", "{BD31315B-B89B-43F7-994D-EBE6FFC2D89B}"
EndProject
Project("{9A19103F-16F7-4668-BE54-9A1E7A4F7556}") = "Tests", "Tests\Tests.csproj", "{306D8762-6A4E-4957-ABE6-5C30E13BD95F}"
EndProject
Project("{9A19103F-16F7-4668-BE54-9A1E7A4F7556}") = "CSharp.Tests", "CSharp.Tests\CSharp.Tests.csproj", "{9960FC47-14B1-492F-918C-114FDB75790E}"
EndProject
Project("{9A19103F-16F7-4668-BE54-9A1E7A4F7556}") = "CSharp.Workspaces.Tests", "CSharp.Workspaces.Tests\CSharp.Workspaces.Tests.csproj", "{51056D0E-3697-4419-9760-B46BF3B4A16C}"
EndProject
Global
	GlobalSection(SolutionConfigurationPlatforms) = preSolution
		Debug|Any CPU = Debug|Any CPU
		Release|Any CPU = Release|Any CPU
	EndGlobalSection
	GlobalSection(ProjectConfigurationPlatforms) = postSolution
		{34A3E42E-2254-4EE7-A152-EEDB18E3D7E3}.Debug|Any CPU.ActiveCfg = Debug|Any CPU
		{34A3E42E-2254-4EE7-A152-EEDB18E3D7E3}.Debug|Any CPU.Build.0 = Debug|Any CPU
		{34A3E42E-2254-4EE7-A152-EEDB18E3D7E3}.Release|Any CPU.ActiveCfg = Release|Any CPU
		{34A3E42E-2254-4EE7-A152-EEDB18E3D7E3}.Release|Any CPU.Build.0 = Release|Any CPU
		{3AD7B124-7B99-440D-84A1-858BE5AE268B}.Debug|Any CPU.ActiveCfg = Debug|Any CPU
		{3AD7B124-7B99-440D-84A1-858BE5AE268B}.Debug|Any CPU.Build.0 = Debug|Any CPU
		{3AD7B124-7B99-440D-84A1-858BE5AE268B}.Release|Any CPU.ActiveCfg = Release|Any CPU
		{3AD7B124-7B99-440D-84A1-858BE5AE268B}.Release|Any CPU.Build.0 = Release|Any CPU
		{2F2B32B2-31D8-4D52-A05F-0D909BD07EBE}.Debug|Any CPU.ActiveCfg = Debug|Any CPU
		{2F2B32B2-31D8-4D52-A05F-0D909BD07EBE}.Debug|Any CPU.Build.0 = Debug|Any CPU
		{2F2B32B2-31D8-4D52-A05F-0D909BD07EBE}.Release|Any CPU.ActiveCfg = Release|Any CPU
		{2F2B32B2-31D8-4D52-A05F-0D909BD07EBE}.Release|Any CPU.Build.0 = Release|Any CPU
		{814C7BD5-F7FA-441D-897F-F7876B038B30}.Debug|Any CPU.ActiveCfg = Debug|Any CPU
		{814C7BD5-F7FA-441D-897F-F7876B038B30}.Debug|Any CPU.Build.0 = Debug|Any CPU
		{814C7BD5-F7FA-441D-897F-F7876B038B30}.Release|Any CPU.ActiveCfg = Release|Any CPU
		{814C7BD5-F7FA-441D-897F-F7876B038B30}.Release|Any CPU.Build.0 = Release|Any CPU
		{9C9EF15B-2CB0-485E-BB48-90F670F6A3D8}.Debug|Any CPU.ActiveCfg = Debug|Any CPU
		{9C9EF15B-2CB0-485E-BB48-90F670F6A3D8}.Debug|Any CPU.Build.0 = Debug|Any CPU
		{9C9EF15B-2CB0-485E-BB48-90F670F6A3D8}.Release|Any CPU.ActiveCfg = Release|Any CPU
		{9C9EF15B-2CB0-485E-BB48-90F670F6A3D8}.Release|Any CPU.Build.0 = Release|Any CPU
		{56DA29A3-C179-471C-9941-42426EEB84D0}.Debug|Any CPU.ActiveCfg = Debug|Any CPU
		{56DA29A3-C179-471C-9941-42426EEB84D0}.Debug|Any CPU.Build.0 = Debug|Any CPU
		{56DA29A3-C179-471C-9941-42426EEB84D0}.Release|Any CPU.ActiveCfg = Release|Any CPU
		{56DA29A3-C179-471C-9941-42426EEB84D0}.Release|Any CPU.Build.0 = Release|Any CPU
		{B26059E8-E5D8-415F-AF7C-210750DB4CB0}.Debug|Any CPU.ActiveCfg = Debug|Any CPU
		{B26059E8-E5D8-415F-AF7C-210750DB4CB0}.Release|Any CPU.ActiveCfg = Release|Any CPU
		{09B4373A-8AA6-48CF-804C-E209CC12BC5C}.Debug|Any CPU.ActiveCfg = Debug|Any CPU
		{09B4373A-8AA6-48CF-804C-E209CC12BC5C}.Debug|Any CPU.Build.0 = Debug|Any CPU
		{09B4373A-8AA6-48CF-804C-E209CC12BC5C}.Release|Any CPU.ActiveCfg = Release|Any CPU
		{D6B3FAF2-C92D-4B2D-82DF-D6B3DD7F4107}.Debug|Any CPU.ActiveCfg = Debug|Any CPU
		{D6B3FAF2-C92D-4B2D-82DF-D6B3DD7F4107}.Debug|Any CPU.Build.0 = Debug|Any CPU
		{D6B3FAF2-C92D-4B2D-82DF-D6B3DD7F4107}.Release|Any CPU.ActiveCfg = Release|Any CPU
		{D6B3FAF2-C92D-4B2D-82DF-D6B3DD7F4107}.Release|Any CPU.Build.0 = Release|Any CPU
		{3B0653F4-919D-4049-84A8-B1CC173415D7}.Debug|Any CPU.ActiveCfg = Debug|Any CPU
		{3B0653F4-919D-4049-84A8-B1CC173415D7}.Debug|Any CPU.Build.0 = Debug|Any CPU
		{3B0653F4-919D-4049-84A8-B1CC173415D7}.Release|Any CPU.ActiveCfg = Release|Any CPU
		{3B0653F4-919D-4049-84A8-B1CC173415D7}.Release|Any CPU.Build.0 = Release|Any CPU
		{6472154E-A2AD-45DC-9656-DFB5D3D09AAB}.Debug|Any CPU.ActiveCfg = Debug|Any CPU
		{6472154E-A2AD-45DC-9656-DFB5D3D09AAB}.Debug|Any CPU.Build.0 = Debug|Any CPU
		{6472154E-A2AD-45DC-9656-DFB5D3D09AAB}.Release|Any CPU.ActiveCfg = Release|Any CPU
		{6472154E-A2AD-45DC-9656-DFB5D3D09AAB}.Release|Any CPU.Build.0 = Release|Any CPU
		{B2E65325-8B4A-46D1-9726-0B1AF9BF26EC}.Debug|Any CPU.ActiveCfg = Debug|Any CPU
		{B2E65325-8B4A-46D1-9726-0B1AF9BF26EC}.Debug|Any CPU.Build.0 = Debug|Any CPU
		{B2E65325-8B4A-46D1-9726-0B1AF9BF26EC}.Release|Any CPU.ActiveCfg = Release|Any CPU
		{B2E65325-8B4A-46D1-9726-0B1AF9BF26EC}.Release|Any CPU.Build.0 = Release|Any CPU
		{BD31315B-B89B-43F7-994D-EBE6FFC2D89B}.Debug|Any CPU.ActiveCfg = Debug|Any CPU
		{BD31315B-B89B-43F7-994D-EBE6FFC2D89B}.Debug|Any CPU.Build.0 = Debug|Any CPU
		{BD31315B-B89B-43F7-994D-EBE6FFC2D89B}.Release|Any CPU.ActiveCfg = Release|Any CPU
		{BD31315B-B89B-43F7-994D-EBE6FFC2D89B}.Release|Any CPU.Build.0 = Release|Any CPU
		{306D8762-6A4E-4957-ABE6-5C30E13BD95F}.Debug|Any CPU.ActiveCfg = Debug|Any CPU
		{306D8762-6A4E-4957-ABE6-5C30E13BD95F}.Debug|Any CPU.Build.0 = Debug|Any CPU
		{306D8762-6A4E-4957-ABE6-5C30E13BD95F}.Release|Any CPU.ActiveCfg = Release|Any CPU
		{306D8762-6A4E-4957-ABE6-5C30E13BD95F}.Release|Any CPU.Build.0 = Release|Any CPU
		{9960FC47-14B1-492F-918C-114FDB75790E}.Debug|Any CPU.ActiveCfg = Debug|Any CPU
		{9960FC47-14B1-492F-918C-114FDB75790E}.Debug|Any CPU.Build.0 = Debug|Any CPU
		{9960FC47-14B1-492F-918C-114FDB75790E}.Release|Any CPU.ActiveCfg = Release|Any CPU
		{9960FC47-14B1-492F-918C-114FDB75790E}.Release|Any CPU.Build.0 = Release|Any CPU
		{51056D0E-3697-4419-9760-B46BF3B4A16C}.Debug|Any CPU.ActiveCfg = Debug|Any CPU
		{51056D0E-3697-4419-9760-B46BF3B4A16C}.Debug|Any CPU.Build.0 = Debug|Any CPU
		{51056D0E-3697-4419-9760-B46BF3B4A16C}.Release|Any CPU.ActiveCfg = Release|Any CPU
		{51056D0E-3697-4419-9760-B46BF3B4A16C}.Release|Any CPU.Build.0 = Release|Any CPU
	EndGlobalSection
	GlobalSection(SolutionProperties) = preSolution
		HideSolutionNode = FALSE
	EndGlobalSection
	GlobalSection(NestedProjects) = preSolution
		{B26059E8-E5D8-415F-AF7C-210750DB4CB0} = {A1DB0C05-3710-4B69-955F-2F46E330591B}
		{09B4373A-8AA6-48CF-804C-E209CC12BC5C} = {A1DB0C05-3710-4B69-955F-2F46E330591B}
		{6472154E-A2AD-45DC-9656-DFB5D3D09AAB} = {A1DB0C05-3710-4B69-955F-2F46E330591B}
		{B2E65325-8B4A-46D1-9726-0B1AF9BF26EC} = {A1DB0C05-3710-4B69-955F-2F46E330591B}
		{BD31315B-B89B-43F7-994D-EBE6FFC2D89B} = {A1DB0C05-3710-4B69-955F-2F46E330591B}
		{306D8762-6A4E-4957-ABE6-5C30E13BD95F} = {A1DB0C05-3710-4B69-955F-2F46E330591B}
		{9960FC47-14B1-492F-918C-114FDB75790E} = {A1DB0C05-3710-4B69-955F-2F46E330591B}
		{51056D0E-3697-4419-9760-B46BF3B4A16C} = {A1DB0C05-3710-4B69-955F-2F46E330591B}
	EndGlobalSection
	GlobalSection(ExtensibilityGlobals) = postSolution
		SolutionGuid = {D1943010-8F47-4798-9A3D-97BC24CF1AC4}
	EndGlobalSection
EndGlobal
