Microsoft Visual Studio Solution File, Format Version 12.00
# Visual Studio 14
VisualStudioVersion = 14.0.25420.1
MinimumVisualStudioVersion = 10.0.40219.1
Project("{FAE04EC0-301F-11D3-BF4B-00C04F79EFBC}") = "AddCodeFileHeader", "Tools\AddCodeFileHeader\AddCodeFileHeader.csproj", "{28B7D00B-A1EA-491D-873D-235406A77C3C}"
EndProject
Project("{FAE04EC0-301F-11D3-BF4B-00C04F79EFBC}") = "Pihrtsoft.CodeAnalysis.Common", "Source\Pihrtsoft.CodeAnalysis.Common\Pihrtsoft.CodeAnalysis.Common.csproj", "{34A3E42E-2254-4EE7-A152-EEDB18E3D7E3}"
EndProject
Project("{FAE04EC0-301F-11D3-BF4B-00C04F79EFBC}") = "Pihrtsoft.CodeAnalysis.CSharp.Refactorings", "source\Pihrtsoft.CodeAnalysis.CSharp.Refactorings\Pihrtsoft.CodeAnalysis.CSharp.Refactorings.csproj", "{3AD7B124-7B99-440D-84A1-858BE5AE268B}"
EndProject
Project("{FAE04EC0-301F-11D3-BF4B-00C04F79EFBC}") = "Pihrtsoft.CodeAnalysis.CSharp", "source\Pihrtsoft.CodeAnalysis.CSharp\Pihrtsoft.CodeAnalysis.CSharp.csproj", "{2F2B32B2-31D8-4D52-A05F-0D909BD07EBE}"
EndProject
Project("{FAE04EC0-301F-11D3-BF4B-00C04F79EFBC}") = "MetadataGenerator", "tools\MetadataGenerator\MetadataGenerator.csproj", "{DD303EB5-1C57-4588-980C-C55A401DB125}"
EndProject
Project("{FAE04EC0-301F-11D3-BF4B-00C04F79EFBC}") = "Cleaner", "tools\Cleaner\Cleaner.csproj", "{44582CE6-29B1-4982-B485-C0285AA0A591}"
EndProject
Project("{FAE04EC0-301F-11D3-BF4B-00C04F79EFBC}") = "CodeGenerator", "tools\CodeGenerator\CodeGenerator.csproj", "{BCCA00EB-08E2-4B22-BECF-10864A6BB456}"
EndProject
Project("{FAE04EC0-301F-11D3-BF4B-00C04F79EFBC}") = "Pihrtsoft.CodeAnalysis.VisualStudio.Common", "source\Pihrtsoft.CodeAnalysis.VisualStudio.Common\Pihrtsoft.CodeAnalysis.VisualStudio.Common.csproj", "{4AD2A192-847E-4942-8A72-D99C5602D5A7}"
EndProject
Project("{FAE04EC0-301F-11D3-BF4B-00C04F79EFBC}") = "Pihrtsoft.CodeAnalysis.VisualStudio", "source\Pihrtsoft.CodeAnalysis.VisualStudio\Pihrtsoft.CodeAnalysis.VisualStudio.csproj", "{6CCFB4D4-21DF-4991-831D-DDAA5B2E58D9}"
EndProject
Project("{FAE04EC0-301F-11D3-BF4B-00C04F79EFBC}") = "Pihrtsoft.CodeAnalysis.VisualStudio.Refactorings", "source\Pihrtsoft.CodeAnalysis.VisualStudio.Refactorings\Pihrtsoft.CodeAnalysis.VisualStudio.Refactorings.csproj", "{2E6353C2-03AC-4DD3-8D2D-035DFFEC3BB5}"
EndProject
Project("{2150E333-8FDC-42A3-9474-1A3956D46DE8}") = "Tools", "Tools", "{CC69BDBB-35E9-43A9-9397-4B2832270BB8}"
EndProject
Project("{2150E333-8FDC-42A3-9474-1A3956D46DE8}") = "VisualStudio", "VisualStudio", "{087B51E1-CD20-42E4-9CBF-CB2D779FC7D3}"
EndProject
Project("{2150E333-8FDC-42A3-9474-1A3956D46DE8}") = "Debug", "Debug", "{3ABCF647-8AB7-47B1-956E-9351F7DC0E43}"
EndProject
Project("{FAE04EC0-301F-11D3-BF4B-00C04F79EFBC}") = "Refactorings", "source\Debug\Refactorings\Refactorings.csproj", "{59C2BA93-6077-4F00-8F36-6A256E983C25}"
EndProject
Project("{FAE04EC0-301F-11D3-BF4B-00C04F79EFBC}") = "Pihrtsoft.CodeAnalysis.CSharp.Internal.Analyzers", "source\Pihrtsoft.CodeAnalysis.CSharp.Internal.Analyzers\Pihrtsoft.CodeAnalysis.CSharp.Internal.Analyzers.csproj", "{1DB4A125-FBF8-4728-ABF5-37B9DF355753}"
EndProject
Project("{FAE04EC0-301F-11D3-BF4B-00C04F79EFBC}") = "InternalAnalyzers", "source\Debug\InternalAnalyzers\InternalAnalyzers.csproj", "{63A791CC-BD7C-4608-A4D9-9379B0C42F38}"
EndProject
Project("{FAE04EC0-301F-11D3-BF4B-00C04F79EFBC}") = "Pihrtsoft.CodeAnalysis.Metadata", "source\Pihrtsoft.CodeAnalysis.Metadata\Pihrtsoft.CodeAnalysis.Metadata.csproj", "{7F6F6533-E406-4225-A435-DEE22C717F48}"
EndProject
Global
	GlobalSection(SolutionConfigurationPlatforms) = preSolution
		AnalyzersDebug|Any CPU = AnalyzersDebug|Any CPU
		Debug|Any CPU = Debug|Any CPU
		RefactoringsDebug|Any CPU = RefactoringsDebug|Any CPU
		Release|Any CPU = Release|Any CPU
	EndGlobalSection
	GlobalSection(ProjectConfigurationPlatforms) = postSolution
		{28B7D00B-A1EA-491D-873D-235406A77C3C}.AnalyzersDebug|Any CPU.ActiveCfg = Debug|Any CPU
		{28B7D00B-A1EA-491D-873D-235406A77C3C}.Debug|Any CPU.ActiveCfg = Debug|Any CPU
		{28B7D00B-A1EA-491D-873D-235406A77C3C}.RefactoringsDebug|Any CPU.ActiveCfg = Debug|Any CPU
		{28B7D00B-A1EA-491D-873D-235406A77C3C}.Release|Any CPU.ActiveCfg = Release|Any CPU
		{34A3E42E-2254-4EE7-A152-EEDB18E3D7E3}.AnalyzersDebug|Any CPU.ActiveCfg = Debug|Any CPU
		{34A3E42E-2254-4EE7-A152-EEDB18E3D7E3}.AnalyzersDebug|Any CPU.Build.0 = Debug|Any CPU
		{34A3E42E-2254-4EE7-A152-EEDB18E3D7E3}.Debug|Any CPU.ActiveCfg = Debug|Any CPU
		{34A3E42E-2254-4EE7-A152-EEDB18E3D7E3}.Debug|Any CPU.Build.0 = Debug|Any CPU
		{34A3E42E-2254-4EE7-A152-EEDB18E3D7E3}.RefactoringsDebug|Any CPU.ActiveCfg = Debug|Any CPU
		{34A3E42E-2254-4EE7-A152-EEDB18E3D7E3}.RefactoringsDebug|Any CPU.Build.0 = Debug|Any CPU
		{34A3E42E-2254-4EE7-A152-EEDB18E3D7E3}.Release|Any CPU.ActiveCfg = Release|Any CPU
		{34A3E42E-2254-4EE7-A152-EEDB18E3D7E3}.Release|Any CPU.Build.0 = Release|Any CPU
		{3AD7B124-7B99-440D-84A1-858BE5AE268B}.AnalyzersDebug|Any CPU.ActiveCfg = Debug|Any CPU
		{3AD7B124-7B99-440D-84A1-858BE5AE268B}.Debug|Any CPU.ActiveCfg = Debug|Any CPU
		{3AD7B124-7B99-440D-84A1-858BE5AE268B}.Debug|Any CPU.Build.0 = Debug|Any CPU
		{3AD7B124-7B99-440D-84A1-858BE5AE268B}.RefactoringsDebug|Any CPU.ActiveCfg = Debug|Any CPU
		{3AD7B124-7B99-440D-84A1-858BE5AE268B}.RefactoringsDebug|Any CPU.Build.0 = Debug|Any CPU
		{3AD7B124-7B99-440D-84A1-858BE5AE268B}.Release|Any CPU.ActiveCfg = Release|Any CPU
		{3AD7B124-7B99-440D-84A1-858BE5AE268B}.Release|Any CPU.Build.0 = Release|Any CPU
		{2F2B32B2-31D8-4D52-A05F-0D909BD07EBE}.AnalyzersDebug|Any CPU.ActiveCfg = Debug|Any CPU
		{2F2B32B2-31D8-4D52-A05F-0D909BD07EBE}.Debug|Any CPU.ActiveCfg = Debug|Any CPU
		{2F2B32B2-31D8-4D52-A05F-0D909BD07EBE}.Debug|Any CPU.Build.0 = Debug|Any CPU
		{2F2B32B2-31D8-4D52-A05F-0D909BD07EBE}.RefactoringsDebug|Any CPU.ActiveCfg = Debug|Any CPU
		{2F2B32B2-31D8-4D52-A05F-0D909BD07EBE}.Release|Any CPU.ActiveCfg = Release|Any CPU
		{2F2B32B2-31D8-4D52-A05F-0D909BD07EBE}.Release|Any CPU.Build.0 = Release|Any CPU
		{DD303EB5-1C57-4588-980C-C55A401DB125}.AnalyzersDebug|Any CPU.ActiveCfg = Debug|Any CPU
		{DD303EB5-1C57-4588-980C-C55A401DB125}.Debug|Any CPU.ActiveCfg = Debug|Any CPU
		{DD303EB5-1C57-4588-980C-C55A401DB125}.RefactoringsDebug|Any CPU.ActiveCfg = Debug|Any CPU
		{DD303EB5-1C57-4588-980C-C55A401DB125}.Release|Any CPU.ActiveCfg = Release|Any CPU
		{44582CE6-29B1-4982-B485-C0285AA0A591}.AnalyzersDebug|Any CPU.ActiveCfg = Debug|Any CPU
		{44582CE6-29B1-4982-B485-C0285AA0A591}.Debug|Any CPU.ActiveCfg = Debug|Any CPU
		{44582CE6-29B1-4982-B485-C0285AA0A591}.RefactoringsDebug|Any CPU.ActiveCfg = Debug|Any CPU
		{44582CE6-29B1-4982-B485-C0285AA0A591}.Release|Any CPU.ActiveCfg = Release|Any CPU
		{BCCA00EB-08E2-4B22-BECF-10864A6BB456}.AnalyzersDebug|Any CPU.ActiveCfg = Debug|Any CPU
		{BCCA00EB-08E2-4B22-BECF-10864A6BB456}.Debug|Any CPU.ActiveCfg = Debug|Any CPU
		{BCCA00EB-08E2-4B22-BECF-10864A6BB456}.RefactoringsDebug|Any CPU.ActiveCfg = Debug|Any CPU
		{BCCA00EB-08E2-4B22-BECF-10864A6BB456}.Release|Any CPU.ActiveCfg = Release|Any CPU
		{4AD2A192-847E-4942-8A72-D99C5602D5A7}.AnalyzersDebug|Any CPU.ActiveCfg = Debug|Any CPU
		{4AD2A192-847E-4942-8A72-D99C5602D5A7}.Debug|Any CPU.ActiveCfg = Debug|Any CPU
		{4AD2A192-847E-4942-8A72-D99C5602D5A7}.Debug|Any CPU.Build.0 = Debug|Any CPU
		{4AD2A192-847E-4942-8A72-D99C5602D5A7}.RefactoringsDebug|Any CPU.ActiveCfg = Debug|Any CPU
		{4AD2A192-847E-4942-8A72-D99C5602D5A7}.Release|Any CPU.ActiveCfg = Release|Any CPU
		{4AD2A192-847E-4942-8A72-D99C5602D5A7}.Release|Any CPU.Build.0 = Release|Any CPU
		{6CCFB4D4-21DF-4991-831D-DDAA5B2E58D9}.AnalyzersDebug|Any CPU.ActiveCfg = Debug|Any CPU
		{6CCFB4D4-21DF-4991-831D-DDAA5B2E58D9}.Debug|Any CPU.ActiveCfg = Debug|Any CPU
		{6CCFB4D4-21DF-4991-831D-DDAA5B2E58D9}.Debug|Any CPU.Build.0 = Debug|Any CPU
		{6CCFB4D4-21DF-4991-831D-DDAA5B2E58D9}.RefactoringsDebug|Any CPU.ActiveCfg = Debug|Any CPU
		{6CCFB4D4-21DF-4991-831D-DDAA5B2E58D9}.Release|Any CPU.ActiveCfg = Release|Any CPU
		{6CCFB4D4-21DF-4991-831D-DDAA5B2E58D9}.Release|Any CPU.Build.0 = Release|Any CPU
		{2E6353C2-03AC-4DD3-8D2D-035DFFEC3BB5}.AnalyzersDebug|Any CPU.ActiveCfg = Debug|Any CPU
		{2E6353C2-03AC-4DD3-8D2D-035DFFEC3BB5}.Debug|Any CPU.ActiveCfg = Debug|Any CPU
		{2E6353C2-03AC-4DD3-8D2D-035DFFEC3BB5}.RefactoringsDebug|Any CPU.ActiveCfg = Debug|Any CPU
		{2E6353C2-03AC-4DD3-8D2D-035DFFEC3BB5}.Release|Any CPU.ActiveCfg = Release|Any CPU
		{59C2BA93-6077-4F00-8F36-6A256E983C25}.AnalyzersDebug|Any CPU.ActiveCfg = Debug|Any CPU
		{59C2BA93-6077-4F00-8F36-6A256E983C25}.AnalyzersDebug|Any CPU.Build.0 = Debug|Any CPU
		{59C2BA93-6077-4F00-8F36-6A256E983C25}.Debug|Any CPU.ActiveCfg = Debug|Any CPU
		{59C2BA93-6077-4F00-8F36-6A256E983C25}.Debug|Any CPU.Build.0 = Debug|Any CPU
		{59C2BA93-6077-4F00-8F36-6A256E983C25}.RefactoringsDebug|Any CPU.ActiveCfg = Debug|Any CPU
		{59C2BA93-6077-4F00-8F36-6A256E983C25}.RefactoringsDebug|Any CPU.Build.0 = Debug|Any CPU
		{59C2BA93-6077-4F00-8F36-6A256E983C25}.Release|Any CPU.ActiveCfg = Release|Any CPU
		{59C2BA93-6077-4F00-8F36-6A256E983C25}.Release|Any CPU.Build.0 = Release|Any CPU
		{1DB4A125-FBF8-4728-ABF5-37B9DF355753}.AnalyzersDebug|Any CPU.ActiveCfg = Debug|Any CPU
		{1DB4A125-FBF8-4728-ABF5-37B9DF355753}.AnalyzersDebug|Any CPU.Build.0 = Debug|Any CPU
		{1DB4A125-FBF8-4728-ABF5-37B9DF355753}.Debug|Any CPU.ActiveCfg = Debug|Any CPU
		{1DB4A125-FBF8-4728-ABF5-37B9DF355753}.Debug|Any CPU.Build.0 = Debug|Any CPU
		{1DB4A125-FBF8-4728-ABF5-37B9DF355753}.RefactoringsDebug|Any CPU.ActiveCfg = Debug|Any CPU
		{1DB4A125-FBF8-4728-ABF5-37B9DF355753}.RefactoringsDebug|Any CPU.Build.0 = Debug|Any CPU
		{1DB4A125-FBF8-4728-ABF5-37B9DF355753}.Release|Any CPU.ActiveCfg = Release|Any CPU
		{1DB4A125-FBF8-4728-ABF5-37B9DF355753}.Release|Any CPU.Build.0 = Release|Any CPU
		{63A791CC-BD7C-4608-A4D9-9379B0C42F38}.AnalyzersDebug|Any CPU.ActiveCfg = Debug|Any CPU
		{63A791CC-BD7C-4608-A4D9-9379B0C42F38}.AnalyzersDebug|Any CPU.Build.0 = Debug|Any CPU
		{63A791CC-BD7C-4608-A4D9-9379B0C42F38}.Debug|Any CPU.ActiveCfg = Debug|Any CPU
		{63A791CC-BD7C-4608-A4D9-9379B0C42F38}.Debug|Any CPU.Build.0 = Debug|Any CPU
		{63A791CC-BD7C-4608-A4D9-9379B0C42F38}.RefactoringsDebug|Any CPU.ActiveCfg = Debug|Any CPU
		{63A791CC-BD7C-4608-A4D9-9379B0C42F38}.RefactoringsDebug|Any CPU.Build.0 = Debug|Any CPU
		{63A791CC-BD7C-4608-A4D9-9379B0C42F38}.Release|Any CPU.ActiveCfg = Release|Any CPU
		{63A791CC-BD7C-4608-A4D9-9379B0C42F38}.Release|Any CPU.Build.0 = Release|Any CPU
		{7F6F6533-E406-4225-A435-DEE22C717F48}.AnalyzersDebug|Any CPU.ActiveCfg = Debug|Any CPU
		{7F6F6533-E406-4225-A435-DEE22C717F48}.Debug|Any CPU.ActiveCfg = Debug|Any CPU
		{7F6F6533-E406-4225-A435-DEE22C717F48}.RefactoringsDebug|Any CPU.ActiveCfg = Debug|Any CPU
		{7F6F6533-E406-4225-A435-DEE22C717F48}.Release|Any CPU.ActiveCfg = Release|Any CPU
	EndGlobalSection
	GlobalSection(SolutionProperties) = preSolution
		HideSolutionNode = FALSE
	EndGlobalSection
	GlobalSection(NestedProjects) = preSolution
		{28B7D00B-A1EA-491D-873D-235406A77C3C} = {CC69BDBB-35E9-43A9-9397-4B2832270BB8}
		{DD303EB5-1C57-4588-980C-C55A401DB125} = {CC69BDBB-35E9-43A9-9397-4B2832270BB8}
		{44582CE6-29B1-4982-B485-C0285AA0A591} = {CC69BDBB-35E9-43A9-9397-4B2832270BB8}
		{BCCA00EB-08E2-4B22-BECF-10864A6BB456} = {CC69BDBB-35E9-43A9-9397-4B2832270BB8}
		{4AD2A192-847E-4942-8A72-D99C5602D5A7} = {087B51E1-CD20-42E4-9CBF-CB2D779FC7D3}
		{6CCFB4D4-21DF-4991-831D-DDAA5B2E58D9} = {087B51E1-CD20-42E4-9CBF-CB2D779FC7D3}
		{2E6353C2-03AC-4DD3-8D2D-035DFFEC3BB5} = {087B51E1-CD20-42E4-9CBF-CB2D779FC7D3}
		{59C2BA93-6077-4F00-8F36-6A256E983C25} = {3ABCF647-8AB7-47B1-956E-9351F7DC0E43}
		{63A791CC-BD7C-4608-A4D9-9379B0C42F38} = {3ABCF647-8AB7-47B1-956E-9351F7DC0E43}
	EndGlobalSection
EndGlobal
