Microsoft Visual Studio Solution File, Format Version 12.00
# Visual Studio 15
VisualStudioVersion = 15.0.27130.2036
MinimumVisualStudioVersion = 10.0.40219.1
Project("{2150E333-8FDC-42A3-9474-1A3956D46DE8}") = "Tools", "Tools", "{CC69BDBB-35E9-43A9-9397-4B2832270BB8}"
EndProject
Project("{2150E333-8FDC-42A3-9474-1A3956D46DE8}") = "VisualStudio", "VisualStudio", "{087B51E1-CD20-42E4-9CBF-CB2D779FC7D3}"
EndProject
Project("{2150E333-8FDC-42A3-9474-1A3956D46DE8}") = "Solution Items", "Solution Items", "{228E25E1-FDE6-40C1-98AF-8E636D174D94}"
	ProjectSection(SolutionItems) = preProject
		Analyzers\Analyzers.xml = Analyzers\Analyzers.xml
		..\ChangeLog.md = ..\ChangeLog.md
		CodeFixes\CodeFixes.xml = CodeFixes\CodeFixes.xml
		DefaultConfigFile.xml = DefaultConfigFile.xml
		DefaultRuleSet.ruleset = DefaultRuleSet.ruleset
		CodeFixes\Diagnostics.xml = CodeFixes\Diagnostics.xml
		global.ruleset = global.ruleset
		..\LICENSE.txt = ..\LICENSE.txt
		..\README.md = ..\README.md
		Refactorings\Refactorings.xml = Refactorings\Refactorings.xml
		..\text\ReleaseCheckList.txt = ..\text\ReleaseCheckList.txt
	EndProjectSection
EndProject
Project("{9A19103F-16F7-4668-BE54-9A1E7A4F7556}") = "CSharp", "CSharp\CSharp.csproj", "{34A3E42E-2254-4EE7-A152-EEDB18E3D7E3}"
EndProject
Project("{9A19103F-16F7-4668-BE54-9A1E7A4F7556}") = "Refactorings", "Refactorings\Refactorings.csproj", "{3AD7B124-7B99-440D-84A1-858BE5AE268B}"
EndProject
Project("{9A19103F-16F7-4668-BE54-9A1E7A4F7556}") = "Analyzers", "Analyzers\Analyzers.csproj", "{2F2B32B2-31D8-4D52-A05F-0D909BD07EBE}"
EndProject
Project("{9A19103F-16F7-4668-BE54-9A1E7A4F7556}") = "Cleaner", "Tools\Cleaner\Cleaner.csproj", "{44582CE6-29B1-4982-B485-C0285AA0A591}"
EndProject
Project("{9A19103F-16F7-4668-BE54-9A1E7A4F7556}") = "CodeGenerator", "Tools\CodeGenerator\CodeGenerator.csproj", "{BCCA00EB-08E2-4B22-BECF-10864A6BB456}"
EndProject
Project("{FAE04EC0-301F-11D3-BF4B-00C04F79EFBC}") = "VisualStudio.Common", "VisualStudio.Common\VisualStudio.Common.csproj", "{4AD2A192-847E-4942-8A72-D99C5602D5A7}"
EndProject
Project("{FAE04EC0-301F-11D3-BF4B-00C04F79EFBC}") = "VisualStudio", "VisualStudio\VisualStudio.csproj", "{6CCFB4D4-21DF-4991-831D-DDAA5B2E58D9}"
EndProject
Project("{FAE04EC0-301F-11D3-BF4B-00C04F79EFBC}") = "VisualStudio.Refactorings", "VisualStudio.Refactorings\VisualStudio.Refactorings.csproj", "{2E6353C2-03AC-4DD3-8D2D-035DFFEC3BB5}"
EndProject
Project("{9A19103F-16F7-4668-BE54-9A1E7A4F7556}") = "Metadata", "Tools\Metadata\Metadata.csproj", "{7F6F6533-E406-4225-A435-DEE22C717F48}"
EndProject
Project("{FAE04EC0-301F-11D3-BF4B-00C04F79EFBC}") = "VisualStudio.Debug", "VisualStudio.Debug\VisualStudio.Debug.csproj", "{AD9BE5D0-85C6-44D5-9A55-C801E00DB848}"
EndProject
Project("{9A19103F-16F7-4668-BE54-9A1E7A4F7556}") = "Common", "Common\Common.csproj", "{814C7BD5-F7FA-441D-897F-F7876B038B30}"
EndProject
Project("{9A19103F-16F7-4668-BE54-9A1E7A4F7556}") = "CodeFixes", "CodeFixes\CodeFixes.csproj", "{9C9EF15B-2CB0-485E-BB48-90F670F6A3D8}"
EndProject
Project("{9A19103F-16F7-4668-BE54-9A1E7A4F7556}") = "Utilities", "Tools\Utilities\Utilities.csproj", "{62ABFF60-67FC-4D33-91BD-ED1CD7DB5007}"
EndProject
Project("{9A19103F-16F7-4668-BE54-9A1E7A4F7556}") = "MetadataGenerator", "Tools\MetadataGenerator\MetadataGenerator.csproj", "{DD303EB5-1C57-4588-980C-C55A401DB125}"
EndProject
Project("{9A19103F-16F7-4668-BE54-9A1E7A4F7556}") = "CodeGeneration", "Tools\CodeGeneration\CodeGeneration.csproj", "{06884E7F-9DE1-4A42-9D45-42C19714F0B2}"
EndProject
Project("{9A19103F-16F7-4668-BE54-9A1E7A4F7556}") = "CSharp.Workspaces", "CSharp.Workspaces\CSharp.Workspaces.csproj", "{56DA29A3-C179-471C-9941-42426EEB84D0}"
EndProject
Project("{9A19103F-16F7-4668-BE54-9A1E7A4F7556}") = "Tests.TestLibrary", "Tests\Tests.TestLibrary\Tests.TestLibrary.csproj", "{B26059E8-E5D8-415F-AF7C-210750DB4CB0}"
EndProject
Project("{9A19103F-16F7-4668-BE54-9A1E7A4F7556}") = "Tests.TestConsole", "Tests\Tests.TestConsole\Tests.TestConsole.csproj", "{09B4373A-8AA6-48CF-804C-E209CC12BC5C}"
EndProject
Project("{9A19103F-16F7-4668-BE54-9A1E7A4F7556}") = "Common.Workspaces", "Common.Workspaces\Common.Workspaces.csproj", "{D6B3FAF2-C92D-4B2D-82DF-D6B3DD7F4107}"
EndProject
Project("{9A19103F-16F7-4668-BE54-9A1E7A4F7556}") = "Analyzers.CodeFixes", "Analyzers.CodeFixes\Analyzers.CodeFixes.csproj", "{3B0653F4-919D-4049-84A8-B1CC173415D7}"
EndProject
Project("{9A19103F-16F7-4668-BE54-9A1E7A4F7556}") = "VersionUpdater", "Tools\VersionUpdater\VersionUpdater.csproj", "{176F3034-0DC2-492C-9AFD-7DEE73231183}"
EndProject
Project("{9A19103F-16F7-4668-BE54-9A1E7A4F7556}") = "LogParser", "Tools\LogParser\LogParser.csproj", "{E8380512-3569-420D-89B5-686F41072A95}"
EndProject
Project("{9A19103F-16F7-4668-BE54-9A1E7A4F7556}") = "Analyzers.Tests", "Tests\Analyzers.Tests\Analyzers.Tests.csproj", "{6472154E-A2AD-45DC-9656-DFB5D3D09AAB}"
EndProject
Project("{2150E333-8FDC-42A3-9474-1A3956D46DE8}") = "Test", "Test", "{A1DB0C05-3710-4B69-955F-2F46E330591B}"
EndProject
Project("{9A19103F-16F7-4668-BE54-9A1E7A4F7556}") = "Refactorings.Tests", "Tests\Refactorings.Tests\Refactorings.Tests.csproj", "{B2E65325-8B4A-46D1-9726-0B1AF9BF26EC}"
EndProject
Project("{9A19103F-16F7-4668-BE54-9A1E7A4F7556}") = "CodeFixes.Tests", "Tests\CodeFixes.Tests\CodeFixes.Tests.csproj", "{BD31315B-B89B-43F7-994D-EBE6FFC2D89B}"
EndProject
Project("{9A19103F-16F7-4668-BE54-9A1E7A4F7556}") = "Tests", "Tests\Tests\Tests.csproj", "{306D8762-6A4E-4957-ABE6-5C30E13BD95F}"
EndProject
Project("{9A19103F-16F7-4668-BE54-9A1E7A4F7556}") = "CSharp.Tests", "Tests\CSharp.Tests\CSharp.Tests.csproj", "{9960FC47-14B1-492F-918C-114FDB75790E}"
EndProject
Project("{9A19103F-16F7-4668-BE54-9A1E7A4F7556}") = "CSharp.Workspaces.Tests", "Tests\CSharp.Workspaces.Tests\CSharp.Workspaces.Tests.csproj", "{51056D0E-3697-4419-9760-B46BF3B4A16C}"
EndProject
Project("{2150E333-8FDC-42A3-9474-1A3956D46DE8}") = "Documentation", "Documentation", "{97FBDF71-F240-48F2-B29A-E6B27597E38B}"
	ProjectSection(SolutionItems) = preProject
		..\docs\AnalyzersVsRefactorings.md = ..\docs\AnalyzersVsRefactorings.md
		..\docs\HowToConfigureAnalyzers.md = ..\docs\HowToConfigureAnalyzers.md
		..\docs\HowToConfigureRefactorings.md = ..\docs\HowToConfigureRefactorings.md
		..\docs\HowToCustomizeRulesForProject.md = ..\docs\HowToCustomizeRulesForProject.md
		..\docs\HowToFixAllDiagnostics.md = ..\docs\HowToFixAllDiagnostics.md
		..\docs\HowToGenerateDocumentation.md = ..\docs\HowToGenerateDocumentation.md
		..\docs\RoslynatorForVisualStudioCode.md = ..\docs\RoslynatorForVisualStudioCode.md
	EndProjectSection
EndProject
Project("{9A19103F-16F7-4668-BE54-9A1E7A4F7556}") = "Documentation", "Documentation\Documentation.csproj", "{BE5E7831-F687-47E6-BC60-969BDEA93EAC}"
EndProject
Project("{9A19103F-16F7-4668-BE54-9A1E7A4F7556}") = "CommandLine", "CommandLine\CommandLine.csproj", "{A865E4D9-30C3-4CC8-A1AB-A897A7A1DA0C}"
EndProject
Project("{2150E333-8FDC-42A3-9474-1A3956D46DE8}") = "CLI", "CLI", "{A16068FE-9E6C-45D2-8114-CC189600AFA2}"
	ProjectSection(SolutionItems) = preProject
		..\docs\cli\analyze-assembly-command.md = ..\docs\cli\analyze-assembly-command.md
		..\docs\cli\analyze-command.md = ..\docs\cli\analyze-command.md
		..\docs\cli\fix-command.md = ..\docs\cli\fix-command.md
		..\docs\cli\format-command.md = ..\docs\cli\format-command.md
		..\docs\cli\generate-declarations-command.md = ..\docs\cli\generate-declarations-command.md
		..\docs\cli\generate-doc-command.md = ..\docs\cli\generate-doc-command.md
		..\docs\cli\generate-doc-root-command.md = ..\docs\cli\generate-doc-root-command.md
		..\docs\cli\list-vs-command.md = ..\docs\cli\list-vs-command.md
		..\docs\cli\lloc-command.md = ..\docs\cli\lloc-command.md
		..\docs\cli\loc-command.md = ..\docs\cli\loc-command.md
		..\docs\cli\README.md = ..\docs\cli\README.md
		..\docs\cli\sln-list-command.md = ..\docs\cli\sln-list-command.md
	EndProjectSection
EndProject
Project("{9A19103F-16F7-4668-BE54-9A1E7A4F7556}") = "Workspaces.Core", "Workspaces.Core\Workspaces.Core.csproj", "{4FD3D777-11FC-4FF9-985B-2756E39F7AD7}"
EndProject
Project("{9A19103F-16F7-4668-BE54-9A1E7A4F7556}") = "Core", "Core\Core.csproj", "{59C3841C-DF61-493B-88AF-477357698477}"
EndProject
Project("{9A19103F-16F7-4668-BE54-9A1E7A4F7556}") = "Core.Tests", "Tests\Core.Tests\Core.Tests.csproj", "{73ABB10A-2252-46F4-B65D-D27FA8560EB6}"
EndProject
Project("{9A19103F-16F7-4668-BE54-9A1E7A4F7556}") = "VisualBasic", "VisualBasic\VisualBasic.csproj", "{A0C4C70C-8249-49D7-BF72-D942B7B79D47}"
EndProject
Global
	GlobalSection(SolutionConfigurationPlatforms) = preSolution
		Debug|Any CPU = Debug|Any CPU
		Release|Any CPU = Release|Any CPU
	EndGlobalSection
	GlobalSection(ProjectConfigurationPlatforms) = postSolution
		{34A3E42E-2254-4EE7-A152-EEDB18E3D7E3}.Debug|Any CPU.ActiveCfg = Debug|Any CPU
		{34A3E42E-2254-4EE7-A152-EEDB18E3D7E3}.Debug|Any CPU.Build.0 = Debug|Any CPU
		{34A3E42E-2254-4EE7-A152-EEDB18E3D7E3}.Release|Any CPU.ActiveCfg = Release|Any CPU
		{34A3E42E-2254-4EE7-A152-EEDB18E3D7E3}.Release|Any CPU.Build.0 = Release|Any CPU
		{3AD7B124-7B99-440D-84A1-858BE5AE268B}.Debug|Any CPU.ActiveCfg = Debug|Any CPU
		{3AD7B124-7B99-440D-84A1-858BE5AE268B}.Debug|Any CPU.Build.0 = Debug|Any CPU
		{3AD7B124-7B99-440D-84A1-858BE5AE268B}.Release|Any CPU.ActiveCfg = Release|Any CPU
		{3AD7B124-7B99-440D-84A1-858BE5AE268B}.Release|Any CPU.Build.0 = Release|Any CPU
		{2F2B32B2-31D8-4D52-A05F-0D909BD07EBE}.Debug|Any CPU.ActiveCfg = Debug|Any CPU
		{2F2B32B2-31D8-4D52-A05F-0D909BD07EBE}.Debug|Any CPU.Build.0 = Debug|Any CPU
		{2F2B32B2-31D8-4D52-A05F-0D909BD07EBE}.Release|Any CPU.ActiveCfg = Release|Any CPU
		{2F2B32B2-31D8-4D52-A05F-0D909BD07EBE}.Release|Any CPU.Build.0 = Release|Any CPU
		{44582CE6-29B1-4982-B485-C0285AA0A591}.Debug|Any CPU.ActiveCfg = Debug|Any CPU
		{44582CE6-29B1-4982-B485-C0285AA0A591}.Release|Any CPU.ActiveCfg = Release|Any CPU
		{BCCA00EB-08E2-4B22-BECF-10864A6BB456}.Debug|Any CPU.ActiveCfg = Debug|Any CPU
		{BCCA00EB-08E2-4B22-BECF-10864A6BB456}.Debug|Any CPU.Build.0 = Debug|Any CPU
		{BCCA00EB-08E2-4B22-BECF-10864A6BB456}.Release|Any CPU.ActiveCfg = Release|Any CPU
		{BCCA00EB-08E2-4B22-BECF-10864A6BB456}.Release|Any CPU.Build.0 = Release|Any CPU
		{4AD2A192-847E-4942-8A72-D99C5602D5A7}.Debug|Any CPU.ActiveCfg = Debug|Any CPU
		{4AD2A192-847E-4942-8A72-D99C5602D5A7}.Release|Any CPU.ActiveCfg = Release|Any CPU
		{4AD2A192-847E-4942-8A72-D99C5602D5A7}.Release|Any CPU.Build.0 = Release|Any CPU
		{6CCFB4D4-21DF-4991-831D-DDAA5B2E58D9}.Debug|Any CPU.ActiveCfg = Debug|Any CPU
		{6CCFB4D4-21DF-4991-831D-DDAA5B2E58D9}.Release|Any CPU.ActiveCfg = Release|Any CPU
		{6CCFB4D4-21DF-4991-831D-DDAA5B2E58D9}.Release|Any CPU.Build.0 = Release|Any CPU
		{2E6353C2-03AC-4DD3-8D2D-035DFFEC3BB5}.Debug|Any CPU.ActiveCfg = Debug|Any CPU
		{2E6353C2-03AC-4DD3-8D2D-035DFFEC3BB5}.Release|Any CPU.ActiveCfg = Release|Any CPU
		{2E6353C2-03AC-4DD3-8D2D-035DFFEC3BB5}.Release|Any CPU.Build.0 = Release|Any CPU
		{7F6F6533-E406-4225-A435-DEE22C717F48}.Debug|Any CPU.ActiveCfg = Debug|Any CPU
		{7F6F6533-E406-4225-A435-DEE22C717F48}.Debug|Any CPU.Build.0 = Debug|Any CPU
		{7F6F6533-E406-4225-A435-DEE22C717F48}.Release|Any CPU.ActiveCfg = Release|Any CPU
		{7F6F6533-E406-4225-A435-DEE22C717F48}.Release|Any CPU.Build.0 = Release|Any CPU
		{AD9BE5D0-85C6-44D5-9A55-C801E00DB848}.Debug|Any CPU.ActiveCfg = Debug|Any CPU
		{AD9BE5D0-85C6-44D5-9A55-C801E00DB848}.Release|Any CPU.ActiveCfg = Release|Any CPU
		{814C7BD5-F7FA-441D-897F-F7876B038B30}.Debug|Any CPU.ActiveCfg = Debug|Any CPU
		{814C7BD5-F7FA-441D-897F-F7876B038B30}.Debug|Any CPU.Build.0 = Debug|Any CPU
		{814C7BD5-F7FA-441D-897F-F7876B038B30}.Release|Any CPU.ActiveCfg = Release|Any CPU
		{814C7BD5-F7FA-441D-897F-F7876B038B30}.Release|Any CPU.Build.0 = Release|Any CPU
		{9C9EF15B-2CB0-485E-BB48-90F670F6A3D8}.Debug|Any CPU.ActiveCfg = Debug|Any CPU
		{9C9EF15B-2CB0-485E-BB48-90F670F6A3D8}.Debug|Any CPU.Build.0 = Debug|Any CPU
		{9C9EF15B-2CB0-485E-BB48-90F670F6A3D8}.Release|Any CPU.ActiveCfg = Release|Any CPU
		{9C9EF15B-2CB0-485E-BB48-90F670F6A3D8}.Release|Any CPU.Build.0 = Release|Any CPU
		{62ABFF60-67FC-4D33-91BD-ED1CD7DB5007}.Debug|Any CPU.ActiveCfg = Debug|Any CPU
		{62ABFF60-67FC-4D33-91BD-ED1CD7DB5007}.Debug|Any CPU.Build.0 = Debug|Any CPU
		{62ABFF60-67FC-4D33-91BD-ED1CD7DB5007}.Release|Any CPU.ActiveCfg = Release|Any CPU
		{62ABFF60-67FC-4D33-91BD-ED1CD7DB5007}.Release|Any CPU.Build.0 = Release|Any CPU
		{DD303EB5-1C57-4588-980C-C55A401DB125}.Debug|Any CPU.ActiveCfg = Debug|Any CPU
		{DD303EB5-1C57-4588-980C-C55A401DB125}.Debug|Any CPU.Build.0 = Debug|Any CPU
		{DD303EB5-1C57-4588-980C-C55A401DB125}.Release|Any CPU.ActiveCfg = Release|Any CPU
		{DD303EB5-1C57-4588-980C-C55A401DB125}.Release|Any CPU.Build.0 = Release|Any CPU
		{06884E7F-9DE1-4A42-9D45-42C19714F0B2}.Debug|Any CPU.ActiveCfg = Debug|Any CPU
		{06884E7F-9DE1-4A42-9D45-42C19714F0B2}.Debug|Any CPU.Build.0 = Debug|Any CPU
		{06884E7F-9DE1-4A42-9D45-42C19714F0B2}.Release|Any CPU.ActiveCfg = Release|Any CPU
		{06884E7F-9DE1-4A42-9D45-42C19714F0B2}.Release|Any CPU.Build.0 = Release|Any CPU
		{56DA29A3-C179-471C-9941-42426EEB84D0}.Debug|Any CPU.ActiveCfg = Debug|Any CPU
		{56DA29A3-C179-471C-9941-42426EEB84D0}.Debug|Any CPU.Build.0 = Debug|Any CPU
		{56DA29A3-C179-471C-9941-42426EEB84D0}.Release|Any CPU.ActiveCfg = Release|Any CPU
		{56DA29A3-C179-471C-9941-42426EEB84D0}.Release|Any CPU.Build.0 = Release|Any CPU
		{B26059E8-E5D8-415F-AF7C-210750DB4CB0}.Debug|Any CPU.ActiveCfg = Debug|Any CPU
		{B26059E8-E5D8-415F-AF7C-210750DB4CB0}.Release|Any CPU.ActiveCfg = Release|Any CPU
		{09B4373A-8AA6-48CF-804C-E209CC12BC5C}.Debug|Any CPU.ActiveCfg = Debug|Any CPU
		{09B4373A-8AA6-48CF-804C-E209CC12BC5C}.Release|Any CPU.ActiveCfg = Release|Any CPU
		{D6B3FAF2-C92D-4B2D-82DF-D6B3DD7F4107}.Debug|Any CPU.ActiveCfg = Debug|Any CPU
		{D6B3FAF2-C92D-4B2D-82DF-D6B3DD7F4107}.Debug|Any CPU.Build.0 = Debug|Any CPU
		{D6B3FAF2-C92D-4B2D-82DF-D6B3DD7F4107}.Release|Any CPU.ActiveCfg = Release|Any CPU
		{D6B3FAF2-C92D-4B2D-82DF-D6B3DD7F4107}.Release|Any CPU.Build.0 = Release|Any CPU
		{3B0653F4-919D-4049-84A8-B1CC173415D7}.Debug|Any CPU.ActiveCfg = Debug|Any CPU
		{3B0653F4-919D-4049-84A8-B1CC173415D7}.Debug|Any CPU.Build.0 = Debug|Any CPU
		{3B0653F4-919D-4049-84A8-B1CC173415D7}.Release|Any CPU.ActiveCfg = Release|Any CPU
		{3B0653F4-919D-4049-84A8-B1CC173415D7}.Release|Any CPU.Build.0 = Release|Any CPU
		{176F3034-0DC2-492C-9AFD-7DEE73231183}.Debug|Any CPU.ActiveCfg = Debug|Any CPU
		{176F3034-0DC2-492C-9AFD-7DEE73231183}.Release|Any CPU.ActiveCfg = Release|Any CPU
		{E8380512-3569-420D-89B5-686F41072A95}.Debug|Any CPU.ActiveCfg = Debug|Any CPU
		{E8380512-3569-420D-89B5-686F41072A95}.Release|Any CPU.ActiveCfg = Release|Any CPU
		{6472154E-A2AD-45DC-9656-DFB5D3D09AAB}.Debug|Any CPU.ActiveCfg = Debug|Any CPU
		{6472154E-A2AD-45DC-9656-DFB5D3D09AAB}.Debug|Any CPU.Build.0 = Debug|Any CPU
		{6472154E-A2AD-45DC-9656-DFB5D3D09AAB}.Release|Any CPU.ActiveCfg = Release|Any CPU
		{6472154E-A2AD-45DC-9656-DFB5D3D09AAB}.Release|Any CPU.Build.0 = Release|Any CPU
		{B2E65325-8B4A-46D1-9726-0B1AF9BF26EC}.Debug|Any CPU.ActiveCfg = Debug|Any CPU
		{B2E65325-8B4A-46D1-9726-0B1AF9BF26EC}.Debug|Any CPU.Build.0 = Debug|Any CPU
		{B2E65325-8B4A-46D1-9726-0B1AF9BF26EC}.Release|Any CPU.ActiveCfg = Release|Any CPU
		{B2E65325-8B4A-46D1-9726-0B1AF9BF26EC}.Release|Any CPU.Build.0 = Release|Any CPU
		{BD31315B-B89B-43F7-994D-EBE6FFC2D89B}.Debug|Any CPU.ActiveCfg = Debug|Any CPU
		{BD31315B-B89B-43F7-994D-EBE6FFC2D89B}.Debug|Any CPU.Build.0 = Debug|Any CPU
		{BD31315B-B89B-43F7-994D-EBE6FFC2D89B}.Release|Any CPU.ActiveCfg = Release|Any CPU
		{BD31315B-B89B-43F7-994D-EBE6FFC2D89B}.Release|Any CPU.Build.0 = Release|Any CPU
		{306D8762-6A4E-4957-ABE6-5C30E13BD95F}.Debug|Any CPU.ActiveCfg = Debug|Any CPU
		{306D8762-6A4E-4957-ABE6-5C30E13BD95F}.Debug|Any CPU.Build.0 = Debug|Any CPU
		{306D8762-6A4E-4957-ABE6-5C30E13BD95F}.Release|Any CPU.ActiveCfg = Release|Any CPU
		{306D8762-6A4E-4957-ABE6-5C30E13BD95F}.Release|Any CPU.Build.0 = Release|Any CPU
		{9960FC47-14B1-492F-918C-114FDB75790E}.Debug|Any CPU.ActiveCfg = Debug|Any CPU
		{9960FC47-14B1-492F-918C-114FDB75790E}.Debug|Any CPU.Build.0 = Debug|Any CPU
		{9960FC47-14B1-492F-918C-114FDB75790E}.Release|Any CPU.ActiveCfg = Release|Any CPU
		{9960FC47-14B1-492F-918C-114FDB75790E}.Release|Any CPU.Build.0 = Release|Any CPU
		{51056D0E-3697-4419-9760-B46BF3B4A16C}.Debug|Any CPU.ActiveCfg = Debug|Any CPU
		{51056D0E-3697-4419-9760-B46BF3B4A16C}.Debug|Any CPU.Build.0 = Debug|Any CPU
		{51056D0E-3697-4419-9760-B46BF3B4A16C}.Release|Any CPU.ActiveCfg = Release|Any CPU
		{51056D0E-3697-4419-9760-B46BF3B4A16C}.Release|Any CPU.Build.0 = Release|Any CPU
		{BE5E7831-F687-47E6-BC60-969BDEA93EAC}.Debug|Any CPU.ActiveCfg = Debug|Any CPU
		{BE5E7831-F687-47E6-BC60-969BDEA93EAC}.Release|Any CPU.ActiveCfg = Release|Any CPU
		{A865E4D9-30C3-4CC8-A1AB-A897A7A1DA0C}.Debug|Any CPU.ActiveCfg = Debug|Any CPU
		{A865E4D9-30C3-4CC8-A1AB-A897A7A1DA0C}.Release|Any CPU.ActiveCfg = Release|Any CPU
		{4FD3D777-11FC-4FF9-985B-2756E39F7AD7}.Debug|Any CPU.ActiveCfg = Debug|Any CPU
		{4FD3D777-11FC-4FF9-985B-2756E39F7AD7}.Release|Any CPU.ActiveCfg = Release|Any CPU
		{59C3841C-DF61-493B-88AF-477357698477}.Debug|Any CPU.ActiveCfg = Debug|Any CPU
		{59C3841C-DF61-493B-88AF-477357698477}.Debug|Any CPU.Build.0 = Debug|Any CPU
		{59C3841C-DF61-493B-88AF-477357698477}.Release|Any CPU.ActiveCfg = Release|Any CPU
		{59C3841C-DF61-493B-88AF-477357698477}.Release|Any CPU.Build.0 = Release|Any CPU
		{73ABB10A-2252-46F4-B65D-D27FA8560EB6}.Debug|Any CPU.ActiveCfg = Debug|Any CPU
		{73ABB10A-2252-46F4-B65D-D27FA8560EB6}.Debug|Any CPU.Build.0 = Debug|Any CPU
		{73ABB10A-2252-46F4-B65D-D27FA8560EB6}.Release|Any CPU.ActiveCfg = Release|Any CPU
		{73ABB10A-2252-46F4-B65D-D27FA8560EB6}.Release|Any CPU.Build.0 = Release|Any CPU
		{A0C4C70C-8249-49D7-BF72-D942B7B79D47}.Debug|Any CPU.ActiveCfg = Debug|Any CPU
		{A0C4C70C-8249-49D7-BF72-D942B7B79D47}.Release|Any CPU.ActiveCfg = Release|Any CPU
	EndGlobalSection
	GlobalSection(SolutionProperties) = preSolution
		HideSolutionNode = FALSE
	EndGlobalSection
	GlobalSection(NestedProjects) = preSolution
		{44582CE6-29B1-4982-B485-C0285AA0A591} = {CC69BDBB-35E9-43A9-9397-4B2832270BB8}
		{BCCA00EB-08E2-4B22-BECF-10864A6BB456} = {CC69BDBB-35E9-43A9-9397-4B2832270BB8}
		{4AD2A192-847E-4942-8A72-D99C5602D5A7} = {087B51E1-CD20-42E4-9CBF-CB2D779FC7D3}
		{6CCFB4D4-21DF-4991-831D-DDAA5B2E58D9} = {087B51E1-CD20-42E4-9CBF-CB2D779FC7D3}
		{2E6353C2-03AC-4DD3-8D2D-035DFFEC3BB5} = {087B51E1-CD20-42E4-9CBF-CB2D779FC7D3}
		{7F6F6533-E406-4225-A435-DEE22C717F48} = {CC69BDBB-35E9-43A9-9397-4B2832270BB8}
		{AD9BE5D0-85C6-44D5-9A55-C801E00DB848} = {087B51E1-CD20-42E4-9CBF-CB2D779FC7D3}
		{62ABFF60-67FC-4D33-91BD-ED1CD7DB5007} = {CC69BDBB-35E9-43A9-9397-4B2832270BB8}
		{DD303EB5-1C57-4588-980C-C55A401DB125} = {CC69BDBB-35E9-43A9-9397-4B2832270BB8}
		{06884E7F-9DE1-4A42-9D45-42C19714F0B2} = {CC69BDBB-35E9-43A9-9397-4B2832270BB8}
		{B26059E8-E5D8-415F-AF7C-210750DB4CB0} = {A1DB0C05-3710-4B69-955F-2F46E330591B}
		{09B4373A-8AA6-48CF-804C-E209CC12BC5C} = {A1DB0C05-3710-4B69-955F-2F46E330591B}
		{176F3034-0DC2-492C-9AFD-7DEE73231183} = {CC69BDBB-35E9-43A9-9397-4B2832270BB8}
		{E8380512-3569-420D-89B5-686F41072A95} = {CC69BDBB-35E9-43A9-9397-4B2832270BB8}
		{6472154E-A2AD-45DC-9656-DFB5D3D09AAB} = {A1DB0C05-3710-4B69-955F-2F46E330591B}
		{B2E65325-8B4A-46D1-9726-0B1AF9BF26EC} = {A1DB0C05-3710-4B69-955F-2F46E330591B}
		{BD31315B-B89B-43F7-994D-EBE6FFC2D89B} = {A1DB0C05-3710-4B69-955F-2F46E330591B}
		{306D8762-6A4E-4957-ABE6-5C30E13BD95F} = {A1DB0C05-3710-4B69-955F-2F46E330591B}
		{9960FC47-14B1-492F-918C-114FDB75790E} = {A1DB0C05-3710-4B69-955F-2F46E330591B}
		{51056D0E-3697-4419-9760-B46BF3B4A16C} = {A1DB0C05-3710-4B69-955F-2F46E330591B}
		{97FBDF71-F240-48F2-B29A-E6B27597E38B} = {228E25E1-FDE6-40C1-98AF-8E636D174D94}
		{A16068FE-9E6C-45D2-8114-CC189600AFA2} = {228E25E1-FDE6-40C1-98AF-8E636D174D94}
		{73ABB10A-2252-46F4-B65D-D27FA8560EB6} = {A1DB0C05-3710-4B69-955F-2F46E330591B}
	EndGlobalSection
	GlobalSection(ExtensibilityGlobals) = postSolution
		SolutionGuid = {D1943010-8F47-4798-9A3D-97BC24CF1AC4}
	EndGlobalSection
EndGlobal
