Microsoft Visual Studio Solution File, Format Version 12.00
# Visual Studio 15
VisualStudioVersion = 15.0.27130.2024
MinimumVisualStudioVersion = 10.0.40219.1
Project("{2150E333-8FDC-42A3-9474-1A3956D46DE8}") = "Tools", "Tools", "{CC69BDBB-35E9-43A9-9397-4B2832270BB8}"
EndProject
Project("{2150E333-8FDC-42A3-9474-1A3956D46DE8}") = "VisualStudio", "VisualStudio", "{087B51E1-CD20-42E4-9CBF-CB2D779FC7D3}"
EndProject
Project("{2150E333-8FDC-42A3-9474-1A3956D46DE8}") = "Solution Items", "Solution Items", "{228E25E1-FDE6-40C1-98AF-8E636D174D94}"
	ProjectSection(SolutionItems) = preProject
		Analyzers\Analyzers.xml = Analyzers\Analyzers.xml
		..\docs\AnalyzersVsRefactorings.md = ..\docs\AnalyzersVsRefactorings.md
		..\ChangeLog.md = ..\ChangeLog.md
		CodeFixes\CodeFixes.xml = CodeFixes\CodeFixes.xml
		DefaultConfigFile.xml = DefaultConfigFile.xml
		CodeFixes\Diagnostics.xml = CodeFixes\Diagnostics.xml
		global.ruleset = global.ruleset
		..\docs\HowToConfigureAnalyzers.md = ..\docs\HowToConfigureAnalyzers.md
		..\docs\HowToConfigureRefactorings.md = ..\docs\HowToConfigureRefactorings.md
		..\LICENSE.txt = ..\LICENSE.txt
		..\README.md = ..\README.md
		Refactorings\Refactorings.xml = Refactorings\Refactorings.xml
		..\text\ReleaseCheckList.txt = ..\text\ReleaseCheckList.txt
		..\docs\RoslynatorForVisualStudioCode.md = ..\docs\RoslynatorForVisualStudioCode.md
	EndProjectSection
EndProject
Project("{FAE04EC0-301F-11D3-BF4B-00C04F79EFBC}") = "AddCodeFileHeader", "Tools\AddCodeFileHeader\AddCodeFileHeader.csproj", "{28B7D00B-A1EA-491D-873D-235406A77C3C}"
EndProject
Project("{FAE04EC0-301F-11D3-BF4B-00C04F79EFBC}") = "Core", "Core\Core.csproj", "{34A3E42E-2254-4EE7-A152-EEDB18E3D7E3}"
EndProject
Project("{FAE04EC0-301F-11D3-BF4B-00C04F79EFBC}") = "Refactorings", "Refactorings\Refactorings.csproj", "{3AD7B124-7B99-440D-84A1-858BE5AE268B}"
EndProject
Project("{FAE04EC0-301F-11D3-BF4B-00C04F79EFBC}") = "Analyzers", "Analyzers\Analyzers.csproj", "{2F2B32B2-31D8-4D52-A05F-0D909BD07EBE}"
EndProject
Project("{FAE04EC0-301F-11D3-BF4B-00C04F79EFBC}") = "Cleaner", "Tools\Cleaner\Cleaner.csproj", "{44582CE6-29B1-4982-B485-C0285AA0A591}"
EndProject
Project("{FAE04EC0-301F-11D3-BF4B-00C04F79EFBC}") = "CodeGenerator", "Tools\CodeGenerator\CodeGenerator.csproj", "{BCCA00EB-08E2-4B22-BECF-10864A6BB456}"
EndProject
Project("{FAE04EC0-301F-11D3-BF4B-00C04F79EFBC}") = "VisualStudio.Core", "VisualStudio.Core\VisualStudio.Core.csproj", "{4AD2A192-847E-4942-8A72-D99C5602D5A7}"
EndProject
Project("{FAE04EC0-301F-11D3-BF4B-00C04F79EFBC}") = "VisualStudio", "VisualStudio\VisualStudio.csproj", "{6CCFB4D4-21DF-4991-831D-DDAA5B2E58D9}"
EndProject
Project("{FAE04EC0-301F-11D3-BF4B-00C04F79EFBC}") = "VisualStudio.Refactorings", "VisualStudio.Refactorings\VisualStudio.Refactorings.csproj", "{2E6353C2-03AC-4DD3-8D2D-035DFFEC3BB5}"
EndProject
Project("{FAE04EC0-301F-11D3-BF4B-00C04F79EFBC}") = "Metadata", "Tools\Metadata\Metadata.csproj", "{7F6F6533-E406-4225-A435-DEE22C717F48}"
EndProject
Project("{FAE04EC0-301F-11D3-BF4B-00C04F79EFBC}") = "DebugRoslynator", "Tools\DebugRoslynator\DebugRoslynator.csproj", "{AD9BE5D0-85C6-44D5-9A55-C801E00DB848}"
EndProject
Project("{FAE04EC0-301F-11D3-BF4B-00C04F79EFBC}") = "Common", "Common\Common.csproj", "{814C7BD5-F7FA-441D-897F-F7876B038B30}"
EndProject
Project("{FAE04EC0-301F-11D3-BF4B-00C04F79EFBC}") = "CodeFixes", "CodeFixes\CodeFixes.csproj", "{9C9EF15B-2CB0-485E-BB48-90F670F6A3D8}"
EndProject
Project("{FAE04EC0-301F-11D3-BF4B-00C04F79EFBC}") = "Utilities", "Tools\Utilities\Utilities.csproj", "{62ABFF60-67FC-4D33-91BD-ED1CD7DB5007}"
EndProject
Project("{FAE04EC0-301F-11D3-BF4B-00C04F79EFBC}") = "MetadataGenerator", "Tools\MetadataGenerator\MetadataGenerator.csproj", "{DD303EB5-1C57-4588-980C-C55A401DB125}"
EndProject
Project("{FAE04EC0-301F-11D3-BF4B-00C04F79EFBC}") = "CodeGeneration", "Tools\CodeGeneration\CodeGeneration.csproj", "{06884E7F-9DE1-4A42-9D45-42C19714F0B2}"
EndProject
Project("{FAE04EC0-301F-11D3-BF4B-00C04F79EFBC}") = "Workspaces", "Workspaces\Workspaces.csproj", "{56DA29A3-C179-471C-9941-42426EEB84D0}"
EndProject
Global
	GlobalSection(SolutionConfigurationPlatforms) = preSolution
		Debug|Any CPU = Debug|Any CPU
		DebugRoslynator|Any CPU = DebugRoslynator|Any CPU
		Release|Any CPU = Release|Any CPU
		ReleaseTools|Any CPU = ReleaseTools|Any CPU
	EndGlobalSection
	GlobalSection(ProjectConfigurationPlatforms) = postSolution
		{28B7D00B-A1EA-491D-873D-235406A77C3C}.Debug|Any CPU.ActiveCfg = Debug|Any CPU
		{28B7D00B-A1EA-491D-873D-235406A77C3C}.DebugRoslynator|Any CPU.ActiveCfg = Debug|Any CPU
		{28B7D00B-A1EA-491D-873D-235406A77C3C}.Release|Any CPU.ActiveCfg = Release|Any CPU
		{28B7D00B-A1EA-491D-873D-235406A77C3C}.ReleaseTools|Any CPU.ActiveCfg = Release|Any CPU
		{34A3E42E-2254-4EE7-A152-EEDB18E3D7E3}.Debug|Any CPU.ActiveCfg = Debug|Any CPU
		{34A3E42E-2254-4EE7-A152-EEDB18E3D7E3}.Debug|Any CPU.Build.0 = Debug|Any CPU
		{34A3E42E-2254-4EE7-A152-EEDB18E3D7E3}.DebugRoslynator|Any CPU.ActiveCfg = Debug|Any CPU
		{34A3E42E-2254-4EE7-A152-EEDB18E3D7E3}.DebugRoslynator|Any CPU.Build.0 = Debug|Any CPU
		{34A3E42E-2254-4EE7-A152-EEDB18E3D7E3}.Release|Any CPU.ActiveCfg = Release|Any CPU
		{34A3E42E-2254-4EE7-A152-EEDB18E3D7E3}.Release|Any CPU.Build.0 = Release|Any CPU
		{34A3E42E-2254-4EE7-A152-EEDB18E3D7E3}.ReleaseTools|Any CPU.ActiveCfg = Release|Any CPU
		{34A3E42E-2254-4EE7-A152-EEDB18E3D7E3}.ReleaseTools|Any CPU.Build.0 = Release|Any CPU
		{3AD7B124-7B99-440D-84A1-858BE5AE268B}.Debug|Any CPU.ActiveCfg = Debug|Any CPU
		{3AD7B124-7B99-440D-84A1-858BE5AE268B}.Debug|Any CPU.Build.0 = Debug|Any CPU
		{3AD7B124-7B99-440D-84A1-858BE5AE268B}.DebugRoslynator|Any CPU.ActiveCfg = Debug|Any CPU
		{3AD7B124-7B99-440D-84A1-858BE5AE268B}.DebugRoslynator|Any CPU.Build.0 = Debug|Any CPU
		{3AD7B124-7B99-440D-84A1-858BE5AE268B}.Release|Any CPU.ActiveCfg = Release|Any CPU
		{3AD7B124-7B99-440D-84A1-858BE5AE268B}.Release|Any CPU.Build.0 = Release|Any CPU
		{3AD7B124-7B99-440D-84A1-858BE5AE268B}.ReleaseTools|Any CPU.ActiveCfg = Release|Any CPU
		{3AD7B124-7B99-440D-84A1-858BE5AE268B}.ReleaseTools|Any CPU.Build.0 = Release|Any CPU
		{2F2B32B2-31D8-4D52-A05F-0D909BD07EBE}.Debug|Any CPU.ActiveCfg = Debug|Any CPU
		{2F2B32B2-31D8-4D52-A05F-0D909BD07EBE}.Debug|Any CPU.Build.0 = Debug|Any CPU
		{2F2B32B2-31D8-4D52-A05F-0D909BD07EBE}.DebugRoslynator|Any CPU.ActiveCfg = Debug|Any CPU
		{2F2B32B2-31D8-4D52-A05F-0D909BD07EBE}.DebugRoslynator|Any CPU.Build.0 = Debug|Any CPU
		{2F2B32B2-31D8-4D52-A05F-0D909BD07EBE}.Release|Any CPU.ActiveCfg = Release|Any CPU
		{2F2B32B2-31D8-4D52-A05F-0D909BD07EBE}.Release|Any CPU.Build.0 = Release|Any CPU
		{2F2B32B2-31D8-4D52-A05F-0D909BD07EBE}.ReleaseTools|Any CPU.ActiveCfg = Release|Any CPU
		{2F2B32B2-31D8-4D52-A05F-0D909BD07EBE}.ReleaseTools|Any CPU.Build.0 = Release|Any CPU
		{44582CE6-29B1-4982-B485-C0285AA0A591}.Debug|Any CPU.ActiveCfg = Debug|Any CPU
		{44582CE6-29B1-4982-B485-C0285AA0A591}.DebugRoslynator|Any CPU.ActiveCfg = Debug|Any CPU
		{44582CE6-29B1-4982-B485-C0285AA0A591}.Release|Any CPU.ActiveCfg = Release|Any CPU
		{44582CE6-29B1-4982-B485-C0285AA0A591}.ReleaseTools|Any CPU.ActiveCfg = Release|Any CPU
		{BCCA00EB-08E2-4B22-BECF-10864A6BB456}.Debug|Any CPU.ActiveCfg = Debug|Any CPU
		{BCCA00EB-08E2-4B22-BECF-10864A6BB456}.Debug|Any CPU.Build.0 = Debug|Any CPU
		{BCCA00EB-08E2-4B22-BECF-10864A6BB456}.DebugRoslynator|Any CPU.ActiveCfg = Debug|Any CPU
		{BCCA00EB-08E2-4B22-BECF-10864A6BB456}.Release|Any CPU.ActiveCfg = Release|Any CPU
		{BCCA00EB-08E2-4B22-BECF-10864A6BB456}.Release|Any CPU.Build.0 = Release|Any CPU
		{BCCA00EB-08E2-4B22-BECF-10864A6BB456}.ReleaseTools|Any CPU.ActiveCfg = Release|Any CPU
		{BCCA00EB-08E2-4B22-BECF-10864A6BB456}.ReleaseTools|Any CPU.Build.0 = Release|Any CPU
		{4AD2A192-847E-4942-8A72-D99C5602D5A7}.Debug|Any CPU.ActiveCfg = Debug|Any CPU
		{4AD2A192-847E-4942-8A72-D99C5602D5A7}.DebugRoslynator|Any CPU.ActiveCfg = Debug|Any CPU
		{4AD2A192-847E-4942-8A72-D99C5602D5A7}.Release|Any CPU.ActiveCfg = Release|Any CPU
		{4AD2A192-847E-4942-8A72-D99C5602D5A7}.Release|Any CPU.Build.0 = Release|Any CPU
		{4AD2A192-847E-4942-8A72-D99C5602D5A7}.ReleaseTools|Any CPU.ActiveCfg = Release|Any CPU
		{6CCFB4D4-21DF-4991-831D-DDAA5B2E58D9}.Debug|Any CPU.ActiveCfg = Debug|Any CPU
		{6CCFB4D4-21DF-4991-831D-DDAA5B2E58D9}.DebugRoslynator|Any CPU.ActiveCfg = Debug|Any CPU
		{6CCFB4D4-21DF-4991-831D-DDAA5B2E58D9}.Release|Any CPU.ActiveCfg = Release|Any CPU
		{6CCFB4D4-21DF-4991-831D-DDAA5B2E58D9}.Release|Any CPU.Build.0 = Release|Any CPU
		{6CCFB4D4-21DF-4991-831D-DDAA5B2E58D9}.ReleaseTools|Any CPU.ActiveCfg = Release|Any CPU
		{2E6353C2-03AC-4DD3-8D2D-035DFFEC3BB5}.Debug|Any CPU.ActiveCfg = Debug|Any CPU
		{2E6353C2-03AC-4DD3-8D2D-035DFFEC3BB5}.DebugRoslynator|Any CPU.ActiveCfg = Debug|Any CPU
		{2E6353C2-03AC-4DD3-8D2D-035DFFEC3BB5}.Release|Any CPU.ActiveCfg = Release|Any CPU
		{2E6353C2-03AC-4DD3-8D2D-035DFFEC3BB5}.Release|Any CPU.Build.0 = Release|Any CPU
		{2E6353C2-03AC-4DD3-8D2D-035DFFEC3BB5}.ReleaseTools|Any CPU.ActiveCfg = Release|Any CPU
		{7F6F6533-E406-4225-A435-DEE22C717F48}.Debug|Any CPU.ActiveCfg = Debug|Any CPU
		{7F6F6533-E406-4225-A435-DEE22C717F48}.Debug|Any CPU.Build.0 = Debug|Any CPU
		{7F6F6533-E406-4225-A435-DEE22C717F48}.DebugRoslynator|Any CPU.ActiveCfg = Debug|Any CPU
		{7F6F6533-E406-4225-A435-DEE22C717F48}.Release|Any CPU.ActiveCfg = Release|Any CPU
		{7F6F6533-E406-4225-A435-DEE22C717F48}.Release|Any CPU.Build.0 = Release|Any CPU
		{7F6F6533-E406-4225-A435-DEE22C717F48}.ReleaseTools|Any CPU.ActiveCfg = Release|Any CPU
		{7F6F6533-E406-4225-A435-DEE22C717F48}.ReleaseTools|Any CPU.Build.0 = Release|Any CPU
		{AD9BE5D0-85C6-44D5-9A55-C801E00DB848}.Debug|Any CPU.ActiveCfg = Debug|Any CPU
		{AD9BE5D0-85C6-44D5-9A55-C801E00DB848}.DebugRoslynator|Any CPU.ActiveCfg = Debug|Any CPU
		{AD9BE5D0-85C6-44D5-9A55-C801E00DB848}.DebugRoslynator|Any CPU.Build.0 = Debug|Any CPU
		{AD9BE5D0-85C6-44D5-9A55-C801E00DB848}.Release|Any CPU.ActiveCfg = Release|Any CPU
		{AD9BE5D0-85C6-44D5-9A55-C801E00DB848}.ReleaseTools|Any CPU.ActiveCfg = Release|Any CPU
		{814C7BD5-F7FA-441D-897F-F7876B038B30}.Debug|Any CPU.ActiveCfg = Debug|Any CPU
		{814C7BD5-F7FA-441D-897F-F7876B038B30}.Debug|Any CPU.Build.0 = Debug|Any CPU
		{814C7BD5-F7FA-441D-897F-F7876B038B30}.DebugRoslynator|Any CPU.ActiveCfg = Debug|Any CPU
		{814C7BD5-F7FA-441D-897F-F7876B038B30}.DebugRoslynator|Any CPU.Build.0 = Debug|Any CPU
		{814C7BD5-F7FA-441D-897F-F7876B038B30}.Release|Any CPU.ActiveCfg = Release|Any CPU
		{814C7BD5-F7FA-441D-897F-F7876B038B30}.Release|Any CPU.Build.0 = Release|Any CPU
		{814C7BD5-F7FA-441D-897F-F7876B038B30}.ReleaseTools|Any CPU.ActiveCfg = Release|Any CPU
		{814C7BD5-F7FA-441D-897F-F7876B038B30}.ReleaseTools|Any CPU.Build.0 = Release|Any CPU
		{9C9EF15B-2CB0-485E-BB48-90F670F6A3D8}.Debug|Any CPU.ActiveCfg = Debug|Any CPU
		{9C9EF15B-2CB0-485E-BB48-90F670F6A3D8}.Debug|Any CPU.Build.0 = Debug|Any CPU
		{9C9EF15B-2CB0-485E-BB48-90F670F6A3D8}.DebugRoslynator|Any CPU.ActiveCfg = Debug|Any CPU
		{9C9EF15B-2CB0-485E-BB48-90F670F6A3D8}.DebugRoslynator|Any CPU.Build.0 = Debug|Any CPU
		{9C9EF15B-2CB0-485E-BB48-90F670F6A3D8}.Release|Any CPU.ActiveCfg = Release|Any CPU
		{9C9EF15B-2CB0-485E-BB48-90F670F6A3D8}.Release|Any CPU.Build.0 = Release|Any CPU
		{9C9EF15B-2CB0-485E-BB48-90F670F6A3D8}.ReleaseTools|Any CPU.ActiveCfg = Release|Any CPU
		{9C9EF15B-2CB0-485E-BB48-90F670F6A3D8}.ReleaseTools|Any CPU.Build.0 = Release|Any CPU
		{62ABFF60-67FC-4D33-91BD-ED1CD7DB5007}.Debug|Any CPU.ActiveCfg = Debug|Any CPU
		{62ABFF60-67FC-4D33-91BD-ED1CD7DB5007}.Debug|Any CPU.Build.0 = Debug|Any CPU
		{62ABFF60-67FC-4D33-91BD-ED1CD7DB5007}.DebugRoslynator|Any CPU.ActiveCfg = Debug|Any CPU
		{62ABFF60-67FC-4D33-91BD-ED1CD7DB5007}.Release|Any CPU.ActiveCfg = Release|Any CPU
		{62ABFF60-67FC-4D33-91BD-ED1CD7DB5007}.Release|Any CPU.Build.0 = Release|Any CPU
		{62ABFF60-67FC-4D33-91BD-ED1CD7DB5007}.ReleaseTools|Any CPU.ActiveCfg = Release|Any CPU
		{62ABFF60-67FC-4D33-91BD-ED1CD7DB5007}.ReleaseTools|Any CPU.Build.0 = Release|Any CPU
		{DD303EB5-1C57-4588-980C-C55A401DB125}.Debug|Any CPU.ActiveCfg = Debug|Any CPU
		{DD303EB5-1C57-4588-980C-C55A401DB125}.Debug|Any CPU.Build.0 = Debug|Any CPU
		{DD303EB5-1C57-4588-980C-C55A401DB125}.DebugRoslynator|Any CPU.ActiveCfg = Debug|Any CPU
		{DD303EB5-1C57-4588-980C-C55A401DB125}.Release|Any CPU.ActiveCfg = Release|Any CPU
		{DD303EB5-1C57-4588-980C-C55A401DB125}.Release|Any CPU.Build.0 = Release|Any CPU
		{DD303EB5-1C57-4588-980C-C55A401DB125}.ReleaseTools|Any CPU.ActiveCfg = Release|Any CPU
		{DD303EB5-1C57-4588-980C-C55A401DB125}.ReleaseTools|Any CPU.Build.0 = Release|Any CPU
		{06884E7F-9DE1-4A42-9D45-42C19714F0B2}.Debug|Any CPU.ActiveCfg = Debug|Any CPU
		{06884E7F-9DE1-4A42-9D45-42C19714F0B2}.Debug|Any CPU.Build.0 = Debug|Any CPU
		{06884E7F-9DE1-4A42-9D45-42C19714F0B2}.DebugRoslynator|Any CPU.ActiveCfg = Debug|Any CPU
		{06884E7F-9DE1-4A42-9D45-42C19714F0B2}.Release|Any CPU.ActiveCfg = Release|Any CPU
		{06884E7F-9DE1-4A42-9D45-42C19714F0B2}.Release|Any CPU.Build.0 = Release|Any CPU
		{06884E7F-9DE1-4A42-9D45-42C19714F0B2}.ReleaseTools|Any CPU.ActiveCfg = Release|Any CPU
		{06884E7F-9DE1-4A42-9D45-42C19714F0B2}.ReleaseTools|Any CPU.Build.0 = Release|Any CPU
		{56DA29A3-C179-471C-9941-42426EEB84D0}.Debug|Any CPU.ActiveCfg = Debug|Any CPU
		{56DA29A3-C179-471C-9941-42426EEB84D0}.Debug|Any CPU.Build.0 = Debug|Any CPU
		{56DA29A3-C179-471C-9941-42426EEB84D0}.DebugRoslynator|Any CPU.ActiveCfg = Debug|Any CPU
		{56DA29A3-C179-471C-9941-42426EEB84D0}.DebugRoslynator|Any CPU.Build.0 = Debug|Any CPU
		{56DA29A3-C179-471C-9941-42426EEB84D0}.Release|Any CPU.ActiveCfg = Release|Any CPU
		{56DA29A3-C179-471C-9941-42426EEB84D0}.Release|Any CPU.Build.0 = Release|Any CPU
		{56DA29A3-C179-471C-9941-42426EEB84D0}.ReleaseTools|Any CPU.ActiveCfg = Release|Any CPU
		{56DA29A3-C179-471C-9941-42426EEB84D0}.ReleaseTools|Any CPU.Build.0 = Release|Any CPU
	EndGlobalSection
	GlobalSection(SolutionProperties) = preSolution
		HideSolutionNode = FALSE
	EndGlobalSection
	GlobalSection(NestedProjects) = preSolution
		{28B7D00B-A1EA-491D-873D-235406A77C3C} = {CC69BDBB-35E9-43A9-9397-4B2832270BB8}
		{44582CE6-29B1-4982-B485-C0285AA0A591} = {CC69BDBB-35E9-43A9-9397-4B2832270BB8}
		{BCCA00EB-08E2-4B22-BECF-10864A6BB456} = {CC69BDBB-35E9-43A9-9397-4B2832270BB8}
		{4AD2A192-847E-4942-8A72-D99C5602D5A7} = {087B51E1-CD20-42E4-9CBF-CB2D779FC7D3}
		{6CCFB4D4-21DF-4991-831D-DDAA5B2E58D9} = {087B51E1-CD20-42E4-9CBF-CB2D779FC7D3}
		{2E6353C2-03AC-4DD3-8D2D-035DFFEC3BB5} = {087B51E1-CD20-42E4-9CBF-CB2D779FC7D3}
		{7F6F6533-E406-4225-A435-DEE22C717F48} = {CC69BDBB-35E9-43A9-9397-4B2832270BB8}
		{AD9BE5D0-85C6-44D5-9A55-C801E00DB848} = {CC69BDBB-35E9-43A9-9397-4B2832270BB8}
		{62ABFF60-67FC-4D33-91BD-ED1CD7DB5007} = {CC69BDBB-35E9-43A9-9397-4B2832270BB8}
		{DD303EB5-1C57-4588-980C-C55A401DB125} = {CC69BDBB-35E9-43A9-9397-4B2832270BB8}
		{06884E7F-9DE1-4A42-9D45-42C19714F0B2} = {CC69BDBB-35E9-43A9-9397-4B2832270BB8}
	EndGlobalSection
	GlobalSection(ExtensibilityGlobals) = postSolution
		SolutionGuid = {D1943010-8F47-4798-9A3D-97BC24CF1AC4}
	EndGlobalSection
EndGlobal
